
Microsoft Visual Studio Solution File, Format Version 12.00
# Visual Studio Version 16
VisualStudioVersion = 16.0.33927.289
MinimumVisualStudioVersion = 10.0.40219.1
Project("{FAE04EC0-301F-11D3-BF4B-00C04F79EFBC}") = "dotNET-module-1-practice", "dotNET-module-1-practice\dotNET-module-1-practice.csproj", "{CE6368C3-BF30-4041-B308-770B0CC86DAC}"
EndProject
Global
	GlobalSection(SolutionConfigurationPlatforms) = preSolution
		Debug|Any CPU = Debug|Any CPU
		Release|Any CPU = Release|Any CPU
	EndGlobalSection
	GlobalSection(ProjectConfigurationPlatforms) = postSolution
		{CE6368C3-BF30-4041-B308-770B0CC86DAC}.Debug|Any CPU.ActiveCfg = Debug|Any CPU
		{CE6368C3-BF30-4041-B308-770B0CC86DAC}.Debug|Any CPU.Build.0 = Debug|Any CPU
		{CE6368C3-BF30-4041-B308-770B0CC86DAC}.Release|Any CPU.ActiveCfg = Release|Any CPU
		{CE6368C3-BF30-4041-B308-770B0CC86DAC}.Release|Any CPU.Build.0 = Release|Any CPU
	EndGlobalSection
	GlobalSection(SolutionProperties) = preSolution
		HideSolutionNode = FALSE
	EndGlobalSection
	GlobalSection(ExtensibilityGlobals) = postSolution
		SolutionGuid = {D4E7CD30-E240-4C50-92F9-F75A59F30683}
	EndGlobalSection
EndGlobal
